
Microsoft Visual Studio Solution File, Format Version 12.00
# Visual Studio 15
Project("{FAE04EC0-301F-11D3-BF4B-00C04F79EFBC}") = "Assembly-CSharp", "Assembly-CSharp.csproj", "{CC06433E-075A-A06D-B5CC-74C7314DDA17}"
EndProject
Project("{FAE04EC0-301F-11D3-BF4B-00C04F79EFBC}") = "Assembly-CSharp-Editor", "Assembly-CSharp-Editor.csproj", "{DFAE6033-8A50-D691-EA1D-6BEB2C26F60B}"
EndProject
Global
	GlobalSection(SolutionConfigurationPlatforms) = preSolution
		Debug|Any CPU = Debug|Any CPU
		Release|Any CPU = Release|Any CPU
	EndGlobalSection
	GlobalSection(ProjectConfigurationPlatforms) = postSolution
		{CC06433E-075A-A06D-B5CC-74C7314DDA17}.Debug|Any CPU.ActiveCfg = Debug|Any CPU
		{CC06433E-075A-A06D-B5CC-74C7314DDA17}.Debug|Any CPU.Build.0 = Debug|Any CPU
		{CC06433E-075A-A06D-B5CC-74C7314DDA17}.Release|Any CPU.ActiveCfg = Release|Any CPU
		{CC06433E-075A-A06D-B5CC-74C7314DDA17}.Release|Any CPU.Build.0 = Release|Any CPU
		{DFAE6033-8A50-D691-EA1D-6BEB2C26F60B}.Debug|Any CPU.ActiveCfg = Debug|Any CPU
		{DFAE6033-8A50-D691-EA1D-6BEB2C26F60B}.Debug|Any CPU.Build.0 = Debug|Any CPU
		{DFAE6033-8A50-D691-EA1D-6BEB2C26F60B}.Release|Any CPU.ActiveCfg = Release|Any CPU
		{DFAE6033-8A50-D691-EA1D-6BEB2C26F60B}.Release|Any CPU.Build.0 = Release|Any CPU
	EndGlobalSection
	GlobalSection(SolutionProperties) = preSolution
		HideSolutionNode = FALSE
	EndGlobalSection
EndGlobal
